# This file is automatically @generated by Cargo.
# It is not intended for manual editing.
version = 4

[[package]]
name = "attached-ref"
version = "0.1.0"
dependencies = [
 "either",
 "stable-view",
 "variance-family",
]

[[package]]
name = "either"
version = "1.15.0"
source = "registry+https://github.com/rust-lang/crates.io-index"
checksum = "48c757948c5ede0e46177b7add2e67155f70e33c07fea8284df6576da70b3719"

[[package]]
name = "implied-bounds"
version = "0.1.0"
source = "registry+https://github.com/rust-lang/crates.io-index"
checksum = "a3c04de695e63c2a786b2a6c8e861a1cf2f5f1804c603910d385f68cce9e0cd4"

[[package]]
name = "stable-view"
version = "0.1.0"
dependencies = [
 "either",
 "implied-bounds",
 "variance-family",
]

[[package]]
name = "variance-family"
version = "0.1.0"
dependencies = [
 "either",
]
